
Microsoft Visual Studio Solution File, Format Version 12.00
# Visual Studio 14
VisualStudioVersion = 14.0.25008.0
MinimumVisualStudioVersion = 10.0.40219.1
Project("{FAE04EC0-301F-11D3-BF4B-00C04F79EFBC}") = "Pluton.Rust", "Pluton.Rust.csproj", "{06734676-2637-4336-8E48-875140AFC200}"
EndProject
Global
	GlobalSection(SolutionConfigurationPlatforms) = preSolution
		Debug|Any CPU = Debug|Any CPU
		Release|Any CPU = Release|Any CPU
	EndGlobalSection
	GlobalSection(ProjectConfigurationPlatforms) = postSolution
		{06734676-2637-4336-8E48-875140AFC200}.Debug|Any CPU.ActiveCfg = Debug|Any CPU
		{06734676-2637-4336-8E48-875140AFC200}.Debug|Any CPU.Build.0 = Debug|Any CPU
		{06734676-2637-4336-8E48-875140AFC200}.Release|Any CPU.ActiveCfg = Release|Any CPU
		{06734676-2637-4336-8E48-875140AFC200}.Release|Any CPU.Build.0 = Release|Any CPU
	EndGlobalSection
	GlobalSection(SolutionProperties) = preSolution
		HideSolutionNode = FALSE
	EndGlobalSection
EndGlobal
